
Microsoft Visual Studio Solution File, Format Version 12.00
# Visual Studio 15
Project("{FAE04EC0-301F-11D3-BF4B-00C04F79EFBC}") = "PhotonUnityNetworking.Demos", "PhotonUnityNetworking.Demos.csproj", "{13BFA2C4-D476-A6B1-6135-5BD4F6CB6EC3}"
EndProject
Project("{FAE04EC0-301F-11D3-BF4B-00C04F79EFBC}") = "PhotonChat", "PhotonChat.csproj", "{DAAC5A80-41F1-B551-861E-CEF68CBB71E8}"
EndProject
Project("{FAE04EC0-301F-11D3-BF4B-00C04F79EFBC}") = "PhotonUnityNetworking.Utilities", "PhotonUnityNetworking.Utilities.csproj", "{D37F7A74-C025-A025-AB77-E41104D77666}"
EndProject
Project("{FAE04EC0-301F-11D3-BF4B-00C04F79EFBC}") = "PhotonUnityNetworking", "PhotonUnityNetworking.csproj", "{5B38DD1E-6E5B-6EDE-5F1E-41E7F57ABDB4}"
EndProject
Project("{FAE04EC0-301F-11D3-BF4B-00C04F79EFBC}") = "PhotonUnityNetworking.Demos", "PhotonUnityNetworking.Demos.csproj", "{13BFA2C4-D476-A6B1-6135-5BD4F6CB6EC3}"
EndProject
Project("{FAE04EC0-301F-11D3-BF4B-00C04F79EFBC}") = "PhotonChat", "PhotonChat.csproj", "{DAAC5A80-41F1-B551-861E-CEF68CBB71E8}"
EndProject
Project("{FAE04EC0-301F-11D3-BF4B-00C04F79EFBC}") = "PhotonUnityNetworking.Utilities", "PhotonUnityNetworking.Utilities.csproj", "{D37F7A74-C025-A025-AB77-E41104D77666}"
EndProject
Project("{FAE04EC0-301F-11D3-BF4B-00C04F79EFBC}") = "PhotonUnityNetworking", "PhotonUnityNetworking.csproj", "{5B38DD1E-6E5B-6EDE-5F1E-41E7F57ABDB4}"
EndProject
Project("{FAE04EC0-301F-11D3-BF4B-00C04F79EFBC}") = "Assembly-CSharp", "Assembly-CSharp.csproj", "{81964E45-51E2-9631-E691-7D823BEC44CD}"
EndProject
Project("{FAE04EC0-301F-11D3-BF4B-00C04F79EFBC}") = "PhotonRealtime", "PhotonRealtime.csproj", "{757A4C1C-8BCD-EECF-E317-A19426A3F76E}"
EndProject
Project("{FAE04EC0-301F-11D3-BF4B-00C04F79EFBC}") = "PhotonUnityNetworking.Editor", "PhotonUnityNetworking.Editor.csproj", "{CF6F2669-27F3-E33E-574A-3D8DBD62602E}"
EndProject
Project("{FAE04EC0-301F-11D3-BF4B-00C04F79EFBC}") = "PhotonUnityNetworking.Utilities.Culling.Editor", "PhotonUnityNetworking.Utilities.Culling.Editor.csproj", "{5DC94C84-C1C5-7AC3-F991-12D1818F2D8E}"
EndProject
Project("{FAE04EC0-301F-11D3-BF4B-00C04F79EFBC}") = "PunDemos.DemoSlotcarEditor", "PunDemos.DemoSlotcarEditor.csproj", "{BC07BD5A-84DB-0DC0-0A70-A79E85819616}"
EndProject
Project("{FAE04EC0-301F-11D3-BF4B-00C04F79EFBC}") = "PhotonUnityNetworking.Utilities.PhotonPlayer.Editor", "PhotonUnityNetworking.Utilities.PhotonPlayer.Editor.csproj", "{53FDE44A-03C2-A753-66FF-9F83D64835E9}"
EndProject
Project("{FAE04EC0-301F-11D3-BF4B-00C04F79EFBC}") = "PunDemos.DemoHubEditor", "PunDemos.DemoHubEditor.csproj", "{04E9E123-E967-98EB-72D1-7CFD0E9FDA9F}"
EndProject
Project("{FAE04EC0-301F-11D3-BF4B-00C04F79EFBC}") = "Assembly-CSharp-Editor", "Assembly-CSharp-Editor.csproj", "{769487BE-2259-E499-E964-ED763B4CB1E8}"
EndProject
Global
	GlobalSection(SolutionConfigurationPlatforms) = preSolution
		Debug|Any CPU = Debug|Any CPU
		Release|Any CPU = Release|Any CPU
	EndGlobalSection
	GlobalSection(ProjectConfigurationPlatforms) = postSolution
		{13BFA2C4-D476-A6B1-6135-5BD4F6CB6EC3}.Debug|Any CPU.ActiveCfg = Debug|Any CPU
		{13BFA2C4-D476-A6B1-6135-5BD4F6CB6EC3}.Debug|Any CPU.Build.0 = Debug|Any CPU
		{13BFA2C4-D476-A6B1-6135-5BD4F6CB6EC3}.Release|Any CPU.ActiveCfg = Release|Any CPU
		{13BFA2C4-D476-A6B1-6135-5BD4F6CB6EC3}.Release|Any CPU.Build.0 = Release|Any CPU
		{DAAC5A80-41F1-B551-861E-CEF68CBB71E8}.Debug|Any CPU.ActiveCfg = Debug|Any CPU
		{DAAC5A80-41F1-B551-861E-CEF68CBB71E8}.Debug|Any CPU.Build.0 = Debug|Any CPU
		{DAAC5A80-41F1-B551-861E-CEF68CBB71E8}.Release|Any CPU.ActiveCfg = Release|Any CPU
		{DAAC5A80-41F1-B551-861E-CEF68CBB71E8}.Release|Any CPU.Build.0 = Release|Any CPU
		{D37F7A74-C025-A025-AB77-E41104D77666}.Debug|Any CPU.ActiveCfg = Debug|Any CPU
		{D37F7A74-C025-A025-AB77-E41104D77666}.Debug|Any CPU.Build.0 = Debug|Any CPU
		{D37F7A74-C025-A025-AB77-E41104D77666}.Release|Any CPU.ActiveCfg = Release|Any CPU
		{D37F7A74-C025-A025-AB77-E41104D77666}.Release|Any CPU.Build.0 = Release|Any CPU
		{5B38DD1E-6E5B-6EDE-5F1E-41E7F57ABDB4}.Debug|Any CPU.ActiveCfg = Debug|Any CPU
		{5B38DD1E-6E5B-6EDE-5F1E-41E7F57ABDB4}.Debug|Any CPU.Build.0 = Debug|Any CPU
		{5B38DD1E-6E5B-6EDE-5F1E-41E7F57ABDB4}.Release|Any CPU.ActiveCfg = Release|Any CPU
		{5B38DD1E-6E5B-6EDE-5F1E-41E7F57ABDB4}.Release|Any CPU.Build.0 = Release|Any CPU
		{13BFA2C4-D476-A6B1-6135-5BD4F6CB6EC3}.Debug|Any CPU.ActiveCfg = Debug|Any CPU
		{13BFA2C4-D476-A6B1-6135-5BD4F6CB6EC3}.Debug|Any CPU.Build.0 = Debug|Any CPU
		{13BFA2C4-D476-A6B1-6135-5BD4F6CB6EC3}.Release|Any CPU.ActiveCfg = Release|Any CPU
		{13BFA2C4-D476-A6B1-6135-5BD4F6CB6EC3}.Release|Any CPU.Build.0 = Release|Any CPU
		{DAAC5A80-41F1-B551-861E-CEF68CBB71E8}.Debug|Any CPU.ActiveCfg = Debug|Any CPU
		{DAAC5A80-41F1-B551-861E-CEF68CBB71E8}.Debug|Any CPU.Build.0 = Debug|Any CPU
		{DAAC5A80-41F1-B551-861E-CEF68CBB71E8}.Release|Any CPU.ActiveCfg = Release|Any CPU
		{DAAC5A80-41F1-B551-861E-CEF68CBB71E8}.Release|Any CPU.Build.0 = Release|Any CPU
		{D37F7A74-C025-A025-AB77-E41104D77666}.Debug|Any CPU.ActiveCfg = Debug|Any CPU
		{D37F7A74-C025-A025-AB77-E41104D77666}.Debug|Any CPU.Build.0 = Debug|Any CPU
		{D37F7A74-C025-A025-AB77-E41104D77666}.Release|Any CPU.ActiveCfg = Release|Any CPU
		{D37F7A74-C025-A025-AB77-E41104D77666}.Release|Any CPU.Build.0 = Release|Any CPU
		{5B38DD1E-6E5B-6EDE-5F1E-41E7F57ABDB4}.Debug|Any CPU.ActiveCfg = Debug|Any CPU
		{5B38DD1E-6E5B-6EDE-5F1E-41E7F57ABDB4}.Debug|Any CPU.Build.0 = Debug|Any CPU
		{5B38DD1E-6E5B-6EDE-5F1E-41E7F57ABDB4}.Release|Any CPU.ActiveCfg = Release|Any CPU
		{5B38DD1E-6E5B-6EDE-5F1E-41E7F57ABDB4}.Release|Any CPU.Build.0 = Release|Any CPU
		{81964E45-51E2-9631-E691-7D823BEC44CD}.Debug|Any CPU.ActiveCfg = Debug|Any CPU
		{81964E45-51E2-9631-E691-7D823BEC44CD}.Debug|Any CPU.Build.0 = Debug|Any CPU
		{81964E45-51E2-9631-E691-7D823BEC44CD}.Release|Any CPU.ActiveCfg = Release|Any CPU
		{81964E45-51E2-9631-E691-7D823BEC44CD}.Release|Any CPU.Build.0 = Release|Any CPU
		{757A4C1C-8BCD-EECF-E317-A19426A3F76E}.Debug|Any CPU.ActiveCfg = Debug|Any CPU
		{757A4C1C-8BCD-EECF-E317-A19426A3F76E}.Debug|Any CPU.Build.0 = Debug|Any CPU
		{757A4C1C-8BCD-EECF-E317-A19426A3F76E}.Release|Any CPU.ActiveCfg = Release|Any CPU
		{757A4C1C-8BCD-EECF-E317-A19426A3F76E}.Release|Any CPU.Build.0 = Release|Any CPU
		{CF6F2669-27F3-E33E-574A-3D8DBD62602E}.Debug|Any CPU.ActiveCfg = Debug|Any CPU
		{CF6F2669-27F3-E33E-574A-3D8DBD62602E}.Debug|Any CPU.Build.0 = Debug|Any CPU
		{CF6F2669-27F3-E33E-574A-3D8DBD62602E}.Release|Any CPU.ActiveCfg = Release|Any CPU
		{CF6F2669-27F3-E33E-574A-3D8DBD62602E}.Release|Any CPU.Build.0 = Release|Any CPU
		{5DC94C84-C1C5-7AC3-F991-12D1818F2D8E}.Debug|Any CPU.ActiveCfg = Debug|Any CPU
		{5DC94C84-C1C5-7AC3-F991-12D1818F2D8E}.Debug|Any CPU.Build.0 = Debug|Any CPU
		{5DC94C84-C1C5-7AC3-F991-12D1818F2D8E}.Release|Any CPU.ActiveCfg = Release|Any CPU
		{5DC94C84-C1C5-7AC3-F991-12D1818F2D8E}.Release|Any CPU.Build.0 = Release|Any CPU
		{BC07BD5A-84DB-0DC0-0A70-A79E85819616}.Debug|Any CPU.ActiveCfg = Debug|Any CPU
		{BC07BD5A-84DB-0DC0-0A70-A79E85819616}.Debug|Any CPU.Build.0 = Debug|Any CPU
		{BC07BD5A-84DB-0DC0-0A70-A79E85819616}.Release|Any CPU.ActiveCfg = Release|Any CPU
		{BC07BD5A-84DB-0DC0-0A70-A79E85819616}.Release|Any CPU.Build.0 = Release|Any CPU
		{53FDE44A-03C2-A753-66FF-9F83D64835E9}.Debug|Any CPU.ActiveCfg = Debug|Any CPU
		{53FDE44A-03C2-A753-66FF-9F83D64835E9}.Debug|Any CPU.Build.0 = Debug|Any CPU
		{53FDE44A-03C2-A753-66FF-9F83D64835E9}.Release|Any CPU.ActiveCfg = Release|Any CPU
		{53FDE44A-03C2-A753-66FF-9F83D64835E9}.Release|Any CPU.Build.0 = Release|Any CPU
		{04E9E123-E967-98EB-72D1-7CFD0E9FDA9F}.Debug|Any CPU.ActiveCfg = Debug|Any CPU
		{04E9E123-E967-98EB-72D1-7CFD0E9FDA9F}.Debug|Any CPU.Build.0 = Debug|Any CPU
		{04E9E123-E967-98EB-72D1-7CFD0E9FDA9F}.Release|Any CPU.ActiveCfg = Release|Any CPU
		{04E9E123-E967-98EB-72D1-7CFD0E9FDA9F}.Release|Any CPU.Build.0 = Release|Any CPU
		{769487BE-2259-E499-E964-ED763B4CB1E8}.Debug|Any CPU.ActiveCfg = Debug|Any CPU
		{769487BE-2259-E499-E964-ED763B4CB1E8}.Debug|Any CPU.Build.0 = Debug|Any CPU
		{769487BE-2259-E499-E964-ED763B4CB1E8}.Release|Any CPU.ActiveCfg = Release|Any CPU
		{769487BE-2259-E499-E964-ED763B4CB1E8}.Release|Any CPU.Build.0 = Release|Any CPU
	EndGlobalSection
	GlobalSection(SolutionProperties) = preSolution
		HideSolutionNode = FALSE
	EndGlobalSection
EndGlobal
